
Microsoft Visual Studio Solution File, Format Version 12.00
# Visual Studio Version 17
VisualStudioVersion = 17.0.31903.59
MinimumVisualStudioVersion = 10.0.40219.1
Project("{FAE04EC0-301F-11D3-BF4B-00C04F79EFBC}") = "WaveFunctionCollapse", "WaveFunctionCollapse\WaveFunctionCollapse.csproj", "{DAB207D3-E279-41C0-AE84-9236EA8F323F}"
EndProject
Project("{FAE04EC0-301F-11D3-BF4B-00C04F79EFBC}") = "FrigidRogue.WaveFunctionCollapse", "FrigidRogue.WaveFunctionCollapse\FrigidRogue.WaveFunctionCollapse.csproj", "{1DC3F1FB-EA39-497A-922E-90F4739A4F39}"
EndProject
Project("{FAE04EC0-301F-11D3-BF4B-00C04F79EFBC}") = "FrigidRogue.WaveFunctionCollapse.Tests", "FrigidRogue.WaveFunctionCollapse.Tests\FrigidRogue.WaveFunctionCollapse.Tests.csproj", "{ED997071-EB4C-4335-AE41-AA6C4AD5E00A}"
EndProject
Project("{FAE04EC0-301F-11D3-BF4B-00C04F79EFBC}") = "WaveFunctionCollapse.Wpf", "WaveFunctionCollapse.Wpf\WaveFunctionCollapse.Wpf.csproj", "{97E4FC50-6E8F-4D30-871B-EF8C6325F191}"
EndProject
Global
	GlobalSection(SolutionConfigurationPlatforms) = preSolution
		Debug|Any CPU = Debug|Any CPU
		Release|Any CPU = Release|Any CPU
	EndGlobalSection
	GlobalSection(SolutionProperties) = preSolution
		HideSolutionNode = FALSE
	EndGlobalSection
	GlobalSection(ProjectConfigurationPlatforms) = postSolution
		{DAB207D3-E279-41C0-AE84-9236EA8F323F}.Debug|Any CPU.ActiveCfg = Debug|Any CPU
		{DAB207D3-E279-41C0-AE84-9236EA8F323F}.Debug|Any CPU.Build.0 = Debug|Any CPU
		{DAB207D3-E279-41C0-AE84-9236EA8F323F}.Release|Any CPU.ActiveCfg = Release|Any CPU
		{DAB207D3-E279-41C0-AE84-9236EA8F323F}.Release|Any CPU.Build.0 = Release|Any CPU
		{1DC3F1FB-EA39-497A-922E-90F4739A4F39}.Debug|Any CPU.ActiveCfg = Debug|Any CPU
		{1DC3F1FB-EA39-497A-922E-90F4739A4F39}.Debug|Any CPU.Build.0 = Debug|Any CPU
		{1DC3F1FB-EA39-497A-922E-90F4739A4F39}.Release|Any CPU.ActiveCfg = Release|Any CPU
		{1DC3F1FB-EA39-497A-922E-90F4739A4F39}.Release|Any CPU.Build.0 = Release|Any CPU
		{ED997071-EB4C-4335-AE41-AA6C4AD5E00A}.Debug|Any CPU.ActiveCfg = Debug|Any CPU
		{ED997071-EB4C-4335-AE41-AA6C4AD5E00A}.Debug|Any CPU.Build.0 = Debug|Any CPU
		{ED997071-EB4C-4335-AE41-AA6C4AD5E00A}.Release|Any CPU.ActiveCfg = Release|Any CPU
		{ED997071-EB4C-4335-AE41-AA6C4AD5E00A}.Release|Any CPU.Build.0 = Release|Any CPU
		{97E4FC50-6E8F-4D30-871B-EF8C6325F191}.Debug|Any CPU.ActiveCfg = Debug|Any CPU
		{97E4FC50-6E8F-4D30-871B-EF8C6325F191}.Debug|Any CPU.Build.0 = Debug|Any CPU
		{97E4FC50-6E8F-4D30-871B-EF8C6325F191}.Release|Any CPU.ActiveCfg = Release|Any CPU
		{97E4FC50-6E8F-4D30-871B-EF8C6325F191}.Release|Any CPU.Build.0 = Release|Any CPU
	EndGlobalSection
EndGlobal
